
Microsoft Visual Studio Solution File, Format Version 12.00
# Visual Studio Version 17
VisualStudioVersion = 17.14.36623.8
MinimumVisualStudioVersion = 10.0.40219.1
Project("{FAE04EC0-301F-11D3-BF4B-00C04F79EFBC}") = "DayTwo", "DayTwo\DayTwo.csproj", "{D8F7FF9E-8051-4A16-BE35-D52A6F97BCA4}"
EndProject
Global
	GlobalSection(SolutionConfigurationPlatforms) = preSolution
		Debug|Any CPU = Debug|Any CPU
		Release|Any CPU = Release|Any CPU
	EndGlobalSection
	GlobalSection(ProjectConfigurationPlatforms) = postSolution
		{D8F7FF9E-8051-4A16-BE35-D52A6F97BCA4}.Debug|Any CPU.ActiveCfg = Debug|Any CPU
		{D8F7FF9E-8051-4A16-BE35-D52A6F97BCA4}.Debug|Any CPU.Build.0 = Debug|Any CPU
		{D8F7FF9E-8051-4A16-BE35-D52A6F97BCA4}.Release|Any CPU.ActiveCfg = Release|Any CPU
		{D8F7FF9E-8051-4A16-BE35-D52A6F97BCA4}.Release|Any CPU.Build.0 = Release|Any CPU
	EndGlobalSection
	GlobalSection(SolutionProperties) = preSolution
		HideSolutionNode = FALSE
	EndGlobalSection
	GlobalSection(ExtensibilityGlobals) = postSolution
		SolutionGuid = {ED891288-6E1C-4301-BE81-03AD41DFC48C}
	EndGlobalSection
EndGlobal
